
Microsoft Visual Studio Solution File, Format Version 12.00
# Visual Studio Version 16
VisualStudioVersion = 16.0.28803.352
MinimumVisualStudioVersion = 10.0.40219.1
Project("{FAE04EC0-301F-11D3-BF4B-00C04F79EFBC}") = "Eyetracking.NET", "source\Eyetracking.NET\Eyetracking.NET.csproj", "{F6B289C2-D0B0-43AB-82CA-FBC6C5EF7844}"
EndProject
Project("{2150E333-8FDC-42A3-9474-1A3956D46DE8}") = "Examples", "Examples", "{A4AB50C1-CAED-4E4F-87BC-2F501230BFC0}"
EndProject
Project("{FAE04EC0-301F-11D3-BF4B-00C04F79EFBC}") = "WpfSample", "source\WpfSample\WpfSample.csproj", "{6C242E11-AC6A-4DCF-BC2B-4E8A6D3DDE9F}"
EndProject
Project("{2150E333-8FDC-42A3-9474-1A3956D46DE8}") = ".Misc", ".Misc", "{0F4C2956-6F2E-4127-B1EC-69AF512543DE}"
	ProjectSection(SolutionItems) = preProject
		source\Eyetracking.NET\Eyetracking.NET.nuspec = source\Eyetracking.NET\Eyetracking.NET.nuspec
		README.md = README.md
	EndProjectSection
EndProject
Project("{2150E333-8FDC-42A3-9474-1A3956D46DE8}") = "Tests", "Tests", "{D8B0445F-312C-4804-9DC9-5CD4A240DF0E}"
EndProject
Project("{FAE04EC0-301F-11D3-BF4B-00C04F79EFBC}") = "Eyetracking.NET.Tests", "Eyetracking.NET.Tests\Eyetracking.NET.Tests.csproj", "{9B2D63C3-D8CC-4619-9C2B-ABA8E78C7903}"
EndProject
Global
	GlobalSection(SolutionConfigurationPlatforms) = preSolution
		Debug|Any CPU = Debug|Any CPU
		Debug|x64 = Debug|x64
		Release|Any CPU = Release|Any CPU
		Release|x64 = Release|x64
	EndGlobalSection
	GlobalSection(ProjectConfigurationPlatforms) = postSolution
		{F6B289C2-D0B0-43AB-82CA-FBC6C5EF7844}.Debug|Any CPU.ActiveCfg = Debug|Any CPU
		{F6B289C2-D0B0-43AB-82CA-FBC6C5EF7844}.Debug|Any CPU.Build.0 = Debug|Any CPU
		{F6B289C2-D0B0-43AB-82CA-FBC6C5EF7844}.Debug|x64.ActiveCfg = Debug|x64
		{F6B289C2-D0B0-43AB-82CA-FBC6C5EF7844}.Debug|x64.Build.0 = Debug|x64
		{F6B289C2-D0B0-43AB-82CA-FBC6C5EF7844}.Release|Any CPU.ActiveCfg = Release|Any CPU
		{F6B289C2-D0B0-43AB-82CA-FBC6C5EF7844}.Release|Any CPU.Build.0 = Release|Any CPU
		{F6B289C2-D0B0-43AB-82CA-FBC6C5EF7844}.Release|x64.ActiveCfg = Release|x64
		{F6B289C2-D0B0-43AB-82CA-FBC6C5EF7844}.Release|x64.Build.0 = Release|x64
		{6C242E11-AC6A-4DCF-BC2B-4E8A6D3DDE9F}.Debug|Any CPU.ActiveCfg = Debug|Any CPU
		{6C242E11-AC6A-4DCF-BC2B-4E8A6D3DDE9F}.Debug|Any CPU.Build.0 = Debug|Any CPU
		{6C242E11-AC6A-4DCF-BC2B-4E8A6D3DDE9F}.Debug|x64.ActiveCfg = Debug|x64
		{6C242E11-AC6A-4DCF-BC2B-4E8A6D3DDE9F}.Debug|x64.Build.0 = Debug|x64
		{6C242E11-AC6A-4DCF-BC2B-4E8A6D3DDE9F}.Release|Any CPU.ActiveCfg = Release|Any CPU
		{6C242E11-AC6A-4DCF-BC2B-4E8A6D3DDE9F}.Release|Any CPU.Build.0 = Release|Any CPU
		{6C242E11-AC6A-4DCF-BC2B-4E8A6D3DDE9F}.Release|x64.ActiveCfg = Release|x64
		{6C242E11-AC6A-4DCF-BC2B-4E8A6D3DDE9F}.Release|x64.Build.0 = Release|x64
		{9B2D63C3-D8CC-4619-9C2B-ABA8E78C7903}.Debug|Any CPU.ActiveCfg = Debug|Any CPU
		{9B2D63C3-D8CC-4619-9C2B-ABA8E78C7903}.Debug|Any CPU.Build.0 = Debug|Any CPU
		{9B2D63C3-D8CC-4619-9C2B-ABA8E78C7903}.Debug|x64.ActiveCfg = Debug|Any CPU
		{9B2D63C3-D8CC-4619-9C2B-ABA8E78C7903}.Debug|x64.Build.0 = Debug|Any CPU
		{9B2D63C3-D8CC-4619-9C2B-ABA8E78C7903}.Release|Any CPU.ActiveCfg = Release|Any CPU
		{9B2D63C3-D8CC-4619-9C2B-ABA8E78C7903}.Release|Any CPU.Build.0 = Release|Any CPU
		{9B2D63C3-D8CC-4619-9C2B-ABA8E78C7903}.Release|x64.ActiveCfg = Release|Any CPU
		{9B2D63C3-D8CC-4619-9C2B-ABA8E78C7903}.Release|x64.Build.0 = Release|Any CPU
	EndGlobalSection
	GlobalSection(SolutionProperties) = preSolution
		HideSolutionNode = FALSE
	EndGlobalSection
	GlobalSection(NestedProjects) = preSolution
		{6C242E11-AC6A-4DCF-BC2B-4E8A6D3DDE9F} = {A4AB50C1-CAED-4E4F-87BC-2F501230BFC0}
		{9B2D63C3-D8CC-4619-9C2B-ABA8E78C7903} = {D8B0445F-312C-4804-9DC9-5CD4A240DF0E}
	EndGlobalSection
	GlobalSection(ExtensibilityGlobals) = postSolution
		SolutionGuid = {602D9907-7AA2-4BFD-93EF-F7D3700914BD}
	EndGlobalSection
EndGlobal
